// !$*UTF8*$!
{
	archiveVersion = 1;
	classes = {
	};
	objectVersion = 50;
	objects = {

/* Begin PBXBuildFile section */
		9DCC5EC420DFA61700BB9743 /* AppDelegate.swift in Sources */ = {isa = PBXBuildFile; fileRef = 9DCC5EC320DFA61700BB9743 /* AppDelegate.swift */; };
		9DCC5EC620DFA61700BB9743 /* HomeViewController.swift in Sources */ = {isa = PBXBuildFile; fileRef = 9DCC5EC520DFA61700BB9743 /* HomeViewController.swift */; };
		9DCC5EC920DFA61700BB9743 /* Main.storyboard in Resources */ = {isa = PBXBuildFile; fileRef = 9DCC5EC720DFA61700BB9743 /* Main.storyboard */; };
		9DCC5ECB20DFA61800BB9743 /* Assets.xcassets in Resources */ = {isa = PBXBuildFile; fileRef = 9DCC5ECA20DFA61800BB9743 /* Assets.xcassets */; };
		9DCC5ECE20DFA61800BB9743 /* LaunchScreen.storyboard in Resources */ = {isa = PBXBuildFile; fileRef = 9DCC5ECC20DFA61800BB9743 /* LaunchScreen.storyboard */; };
		9DCC5ED920DFA61800BB9743 /* PgwMerchantDemoTests.swift in Sources */ = {isa = PBXBuildFile; fileRef = 9DCC5ED820DFA61800BB9743 /* PgwMerchantDemoTests.swift */; };
		9DCC5EE420DFBDC000BB9743 /* WebViewController.swift in Sources */ = {isa = PBXBuildFile; fileRef = 9DCC5EE320DFBDC000BB9743 /* WebViewController.swift */; };
		9DCC5EE620E0B58F00BB9743 /* checkout.html in Resources */ = {isa = PBXBuildFile; fileRef = 9DCC5EE520E0B58F00BB9743 /* checkout.html */; };
		9DCC5EE820E0BA7000BB9743 /* jquery-1.8.3.min.js in Resources */ = {isa = PBXBuildFile; fileRef = 9DCC5EE720E0BA7000BB9743 /* jquery-1.8.3.min.js */; };
		9DCC5EEA20E0BABA00BB9743 /* checkoutSuccess.html in Resources */ = {isa = PBXBuildFile; fileRef = 9DCC5EE920E0BABA00BB9743 /* checkoutSuccess.html */; };
		9DCC5EEC20E0BE9500BB9743 /* index.html in Resources */ = {isa = PBXBuildFile; fileRef = 9DCC5EEB20E0BE9500BB9743 /* index.html */; };
		9DCC5EEE20E1097C00BB9743 /* bKash-checkout-local3.js in Resources */ = {isa = PBXBuildFile; fileRef = 9DCC5EED20E1097C00BB9743 /* bKash-checkout-local3.js */; };
/* End PBXBuildFile section */

/* Begin PBXContainerItemProxy section */
		9DCC5ED520DFA61800BB9743 /* PBXContainerItemProxy */ = {
			isa = PBXContainerItemProxy;
			containerPortal = 9DCC5EB820DFA61700BB9743 /* Project object */;
			proxyType = 1;
			remoteGlobalIDString = 9DCC5EBF20DFA61700BB9743;
			remoteInfo = PgwMerchantDemo;
		};
/* End PBXContainerItemProxy section */

/* Begin PBXFileReference section */
		9DCC5EC020DFA61700BB9743 /* PgwMerchantDemo.app */ = {isa = PBXFileReference; explicitFileType = wrapper.application; includeInIndex = 0; path = PgwMerchantDemo.app; sourceTree = BUILT_PRODUCTS_DIR; };
		9DCC5EC320DFA61700BB9743 /* AppDelegate.swift */ = {isa = PBXFileReference; lastKnownFileType = sourcecode.swift; path = AppDelegate.swift; sourceTree = "<group>"; };
		9DCC5EC520DFA61700BB9743 /* HomeViewController.swift */ = {isa = PBXFileReference; lastKnownFileType = sourcecode.swift; path = HomeViewController.swift; sourceTree = "<group>"; };
		9DCC5EC820DFA61700BB9743 /* Base */ = {isa = PBXFileReference; lastKnownFileType = file.storyboard; name = Base; path = Base.lproj/Main.storyboard; sourceTree = "<group>"; };
		9DCC5ECA20DFA61800BB9743 /* Assets.xcassets */ = {isa = PBXFileReference; lastKnownFileType = folder.assetcatalog; path = Assets.xcassets; sourceTree = "<group>"; };
		9DCC5ECD20DFA61800BB9743 /* Base */ = {isa = PBXFileReference; lastKnownFileType = file.storyboard; name = Base; path = Base.lproj/LaunchScreen.storyboard; sourceTree = "<group>"; };
		9DCC5ECF20DFA61800BB9743 /* Info.plist */ = {isa = PBXFileReference; lastKnownFileType = text.plist.xml; path = Info.plist; sourceTree = "<group>"; };
		9DCC5ED420DFA61800BB9743 /* PgwMerchantDemoTests.xctest */ = {isa = PBXFileReference; explicitFileType = wrapper.cfbundle; includeInIndex = 0; path = PgwMerchantDemoTests.xctest; sourceTree = BUILT_PRODUCTS_DIR; };
		9DCC5ED820DFA61800BB9743 /* PgwMerchantDemoTests.swift */ = {isa = PBXFileReference; lastKnownFileType = sourcecode.swift; path = PgwMerchantDemoTests.swift; sourceTree = "<group>"; };
		9DCC5EDA20DFA61800BB9743 /* Info.plist */ = {isa = PBXFileReference; lastKnownFileType = text.plist.xml; path = Info.plist; sourceTree = "<group>"; };
		9DCC5EE320DFBDC000BB9743 /* WebViewController.swift */ = {isa = PBXFileReference; lastKnownFileType = sourcecode.swift; path = WebViewController.swift; sourceTree = "<group>"; };
		9DCC5EE520E0B58F00BB9743 /* checkout.html */ = {isa = PBXFileReference; fileEncoding = 4; lastKnownFileType = text.html; path = checkout.html; sourceTree = "<group>"; };
		9DCC5EE720E0BA7000BB9743 /* jquery-1.8.3.min.js */ = {isa = PBXFileReference; fileEncoding = 4; lastKnownFileType = sourcecode.javascript; path = "jquery-1.8.3.min.js"; sourceTree = "<group>"; };
		9DCC5EE920E0BABA00BB9743 /* checkoutSuccess.html */ = {isa = PBXFileReference; fileEncoding = 4; lastKnownFileType = text.html; path = checkoutSuccess.html; sourceTree = "<group>"; };
		9DCC5EEB20E0BE9500BB9743 /* index.html */ = {isa = PBXFileReference; lastKnownFileType = text.html; path = index.html; sourceTree = "<group>"; };
		9DCC5EED20E1097C00BB9743 /* bKash-checkout-local3.js */ = {isa = PBXFileReference; fileEncoding = 4; lastKnownFileType = sourcecode.javascript; path = "bKash-checkout-local3.js"; sourceTree = "<group>"; };
/* End PBXFileReference section */

/* Begin PBXFrameworksBuildPhase section */
		9DCC5EBD20DFA61700BB9743 /* Frameworks */ = {
			isa = PBXFrameworksBuildPhase;
			buildActionMask = 2147483647;
			files = (
			);
			runOnlyForDeploymentPostprocessing = 0;
		};
		9DCC5ED120DFA61800BB9743 /* Frameworks */ = {
			isa = PBXFrameworksBuildPhase;
			buildActionMask = 2147483647;
			files = (
			);
			runOnlyForDeploymentPostprocessing = 0;
		};
/* End PBXFrameworksBuildPhase section */

/* Begin PBXGroup section */
		9DCC5EB720DFA61700BB9743 = {
			isa = PBXGroup;
			children = (
				9DCC5EC220DFA61700BB9743 /* PgwMerchantDemo */,
				9DCC5ED720DFA61800BB9743 /* PgwMerchantDemoTests */,
				9DCC5EC120DFA61700BB9743 /* Products */,
			);
			sourceTree = "<group>";
		};
		9DCC5EC120DFA61700BB9743 /* Products */ = {
			isa = PBXGroup;
			children = (
				9DCC5EC020DFA61700BB9743 /* PgwMerchantDemo.app */,
				9DCC5ED420DFA61800BB9743 /* PgwMerchantDemoTests.xctest */,
			);
			name = Products;
			sourceTree = "<group>";
		};
		9DCC5EC220DFA61700BB9743 /* PgwMerchantDemo */ = {
			isa = PBXGroup;
			children = (
				9DCC5EE520E0B58F00BB9743 /* checkout.html */,
				9DCC5EE720E0BA7000BB9743 /* jquery-1.8.3.min.js */,
				9DCC5EE920E0BABA00BB9743 /* checkoutSuccess.html */,
				9DCC5EED20E1097C00BB9743 /* bKash-checkout-local3.js */,
				9DCC5EC320DFA61700BB9743 /* AppDelegate.swift */,
				9DCC5EC520DFA61700BB9743 /* HomeViewController.swift */,
				9DCC5EE320DFBDC000BB9743 /* WebViewController.swift */,
				9DCC5EC720DFA61700BB9743 /* Main.storyboard */,
				9DCC5ECA20DFA61800BB9743 /* Assets.xcassets */,
				9DCC5ECC20DFA61800BB9743 /* LaunchScreen.storyboard */,
				9DCC5ECF20DFA61800BB9743 /* Info.plist */,
				9DCC5EEB20E0BE9500BB9743 /* index.html */,
			);
			path = PgwMerchantDemo;
			sourceTree = "<group>";
		};
		9DCC5ED720DFA61800BB9743 /* PgwMerchantDemoTests */ = {
			isa = PBXGroup;
			children = (
				9DCC5ED820DFA61800BB9743 /* PgwMerchantDemoTests.swift */,
				9DCC5EDA20DFA61800BB9743 /* Info.plist */,
			);
			path = PgwMerchantDemoTests;
			sourceTree = "<group>";
		};
/* End PBXGroup section */

/* Begin PBXNativeTarget section */
		9DCC5EBF20DFA61700BB9743 /* PgwMerchantDemo */ = {
			isa = PBXNativeTarget;
			buildConfigurationList = 9DCC5EDD20DFA61800BB9743 /* Build configuration list for PBXNativeTarget "PgwMerchantDemo" */;
			buildPhases = (
				9DCC5EBC20DFA61700BB9743 /* Sources */,
				9DCC5EBD20DFA61700BB9743 /* Frameworks */,
				9DCC5EBE20DFA61700BB9743 /* Resources */,
			);
			buildRules = (
			);
			dependencies = (
			);
			name = PgwMerchantDemo;
			productName = PgwMerchantDemo;
			productReference = 9DCC5EC020DFA61700BB9743 /* PgwMerchantDemo.app */;
			productType = "com.apple.product-type.application";
		};
		9DCC5ED320DFA61800BB9743 /* PgwMerchantDemoTests */ = {
			isa = PBXNativeTarget;
			buildConfigurationList = 9DCC5EE020DFA61800BB9743 /* Build configuration list for PBXNativeTarget "PgwMerchantDemoTests" */;
			buildPhases = (
				9DCC5ED020DFA61800BB9743 /* Sources */,
				9DCC5ED120DFA61800BB9743 /* Frameworks */,
				9DCC5ED220DFA61800BB9743 /* Resources */,
			);
			buildRules = (
			);
			dependencies = (
				9DCC5ED620DFA61800BB9743 /* PBXTargetDependency */,
			);
			name = PgwMerchantDemoTests;
			productName = PgwMerchantDemoTests;
			productReference = 9DCC5ED420DFA61800BB9743 /* PgwMerchantDemoTests.xctest */;
			productType = "com.apple.product-type.bundle.unit-test";
		};
/* End PBXNativeTarget section */

/* Begin PBXProject section */
		9DCC5EB820DFA61700BB9743 /* Project object */ = {
			isa = PBXProject;
			attributes = {
				LastSwiftUpdateCheck = 0940;
				LastUpgradeCheck = 0940;
				ORGANIZATIONNAME = bkash;
				TargetAttributes = {
					9DCC5EBF20DFA61700BB9743 = {
						CreatedOnToolsVersion = 9.4.1;
					};
					9DCC5ED320DFA61800BB9743 = {
						CreatedOnToolsVersion = 9.4.1;
						TestTargetID = 9DCC5EBF20DFA61700BB9743;
					};
				};
			};
			buildConfigurationList = 9DCC5EBB20DFA61700BB9743 /* Build configuration list for PBXProject "PgwMerchantDemo" */;
			compatibilityVersion = "Xcode 9.3";
			developmentRegion = en;
			hasScannedForEncodings = 0;
			knownRegions = (
				en,
				Base,
			);
			mainGroup = 9DCC5EB720DFA61700BB9743;
			productRefGroup = 9DCC5EC120DFA61700BB9743 /* Products */;
			projectDirPath = "";
			projectRoot = "";
			targets = (
				9DCC5EBF20DFA61700BB9743 /* PgwMerchantDemo */,
				9DCC5ED320DFA61800BB9743 /* PgwMerchantDemoTests */,
			);
		};
/* End PBXProject section */

/* Begin PBXResourcesBuildPhase section */
		9DCC5EBE20DFA61700BB9743 /* Resources */ = {
			isa = PBXResourcesBuildPhase;
			buildActionMask = 2147483647;
			files = (
				9DCC5EEC20E0BE9500BB9743 /* index.html in Resources */,
				9DCC5EEA20E0BABA00BB9743 /* checkoutSuccess.html in Resources */,
				9DCC5EEE20E1097C00BB9743 /* bKash-checkout-local3.js in Resources */,
				9DCC5ECE20DFA61800BB9743 /* LaunchScreen.storyboard in Resources */,
				9DCC5ECB20DFA61800BB9743 /* Assets.xcassets in Resources */,
				9DCC5EE620E0B58F00BB9743 /* checkout.html in Resources */,
				9DCC5EC920DFA61700BB9743 /* Main.storyboard in Resources */,
				9DCC5EE820E0BA7000BB9743 /* jquery-1.8.3.min.js in Resources */,
			);
			runOnlyForDeploymentPostprocessing = 0;
		};
		9DCC5ED220DFA61800BB9743 /* Resources */ = {
			isa = PBXResourcesBuildPhase;
			buildActionMask = 2147483647;
			files = (
			);
			runOnlyForDeploymentPostprocessing = 0;
		};
/* End PBXResourcesBuildPhase section */

/* Begin PBXSourcesBuildPhase section */
		9DCC5EBC20DFA61700BB9743 /* Sources */ = {
			isa = PBXSourcesBuildPhase;
			buildActionMask = 2147483647;
			files = (
				9DCC5EC620DFA61700BB9743 /* HomeViewController.swift in Sources */,
				9DCC5EE420DFBDC000BB9743 /* WebViewController.swift in Sources */,
				9DCC5EC420DFA61700BB9743 /* AppDelegate.swift in Sources */,
			);
			runOnlyForDeploymentPostprocessing = 0;
		};
		9DCC5ED020DFA61800BB9743 /* Sources */ = {
			isa = PBXSourcesBuildPhase;
			buildActionMask = 2147483647;
			files = (
				9DCC5ED920DFA61800BB9743 /* PgwMerchantDemoTests.swift in Sources */,
			);
			runOnlyForDeploymentPostprocessing = 0;
		};
/* End PBXSourcesBuildPhase section */

/* Begin PBXTargetDependency section */
		9DCC5ED620DFA61800BB9743 /* PBXTargetDependency */ = {
			isa = PBXTargetDependency;
			target = 9DCC5EBF20DFA61700BB9743 /* PgwMerchantDemo */;
			targetProxy = 9DCC5ED520DFA61800BB9743 /* PBXContainerItemProxy */;
		};
/* End PBXTargetDependency section */

/* Begin PBXVariantGroup section */
		9DCC5EC720DFA61700BB9743 /* Main.storyboard */ = {
			isa = PBXVariantGroup;
			children = (
				9DCC5EC820DFA61700BB9743 /* Base */,
			);
			name = Main.storyboard;
			sourceTree = "<group>";
		};
		9DCC5ECC20DFA61800BB9743 /* LaunchScreen.storyboard */ = {
			isa = PBXVariantGroup;
			children = (
				9DCC5ECD20DFA61800BB9743 /* Base */,
			);
			name = LaunchScreen.storyboard;
			sourceTree = "<group>";
		};
/* End PBXVariantGroup section */

/* Begin XCBuildConfiguration section */
		9DCC5EDB20DFA61800BB9743 /* Debug */ = {
			isa = XCBuildConfiguration;
			buildSettings = {
				ALWAYS_SEARCH_USER_PATHS = NO;
				CLANG_ANALYZER_NONNULL = YES;
				CLANG_ANALYZER_NUMBER_OBJECT_CONVERSION = YES_AGGRESSIVE;
				CLANG_CXX_LANGUAGE_STANDARD = "gnu++14";
				CLANG_CXX_LIBRARY = "libc++";
				CLANG_ENABLE_MODULES = YES;
				CLANG_ENABLE_OBJC_ARC = YES;
				CLANG_ENABLE_OBJC_WEAK = YES;
				CLANG_WARN_BLOCK_CAPTURE_AUTORELEASING = YES;
				CLANG_WARN_BOOL_CONVERSION = YES;
				CLANG_WARN_COMMA = YES;
				CLANG_WARN_CONSTANT_CONVERSION = YES;
				CLANG_WARN_DEPRECATED_OBJC_IMPLEMENTATIONS = YES;
				CLANG_WARN_DIRECT_OBJC_ISA_USAGE = YES_ERROR;
				CLANG_WARN_DOCUMENTATION_COMMENTS = YES;
				CLANG_WARN_EMPTY_BODY = YES;
				CLANG_WARN_ENUM_CONVERSION = YES;
				CLANG_WARN_INFINITE_RECURSION = YES;
				CLANG_WARN_INT_CONVERSION = YES;
				CLANG_WARN_NON_LITERAL_NULL_CONVERSION = YES;
				CLANG_WARN_OBJC_IMPLICIT_RETAIN_SELF = YES;
				CLANG_WARN_OBJC_LITERAL_CONVERSION = YES;
				CLANG_WARN_OBJC_ROOT_CLASS = YES_ERROR;
				CLANG_WARN_RANGE_LOOP_ANALYSIS = YES;
				CLANG_WARN_STRICT_PROTOTYPES = YES;
				CLANG_WARN_SUSPICIOUS_MOVE = YES;
				CLANG_WARN_UNGUARDED_AVAILABILITY = YES_AGGRESSIVE;
				CLANG_WARN_UNREACHABLE_CODE = YES;
				CLANG_WARN__DUPLICATE_METHOD_MATCH = YES;
				CODE_SIGN_IDENTITY = "iPhone Developer";
				COPY_PHASE_STRIP = NO;
				DEBUG_INFORMATION_FORMAT = dwarf;
				ENABLE_STRICT_OBJC_MSGSEND = YES;
				ENABLE_TESTABILITY = YES;
				GCC_C_LANGUAGE_STANDARD = gnu11;
				GCC_DYNAMIC_NO_PIC = NO;
				GCC_NO_COMMON_BLOCKS = YES;
				GCC_OPTIMIZATION_LEVEL = 0;
				GCC_PREPROCESSOR_DEFINITIONS = (
					"DEBUG=1",
					"$(inherited)",
				);
				GCC_WARN_64_TO_32_BIT_CONVERSION = YES;
				GCC_WARN_ABOUT_RETURN_TYPE = YES_ERROR;
				GCC_WARN_UNDECLARED_SELECTOR = YES;
				GCC_WARN_UNINITIALIZED_AUTOS = YES_AGGRESSIVE;
				GCC_WARN_UNUSED_FUNCTION = YES;
				GCC_WARN_UNUSED_VARIABLE = YES;
				IPHONEOS_DEPLOYMENT_TARGET = 11.4;
				MTL_ENABLE_DEBUG_INFO = YES;
				ONLY_ACTIVE_ARCH = YES;
				SDKROOT = iphoneos;
				SWIFT_ACTIVE_COMPILATION_CONDITIONS = DEBUG;
				SWIFT_OPTIMIZATION_LEVEL = "-Onone";
			};
			name = Debug;
		};
		9DCC5EDC20DFA61800BB9743 /* Release */ = {
			isa = XCBuildConfiguration;
			buildSettings = {
				ALWAYS_SEARCH_USER_PATHS = NO;
				CLANG_ANALYZER_NONNULL = YES;
				CLANG_ANALYZER_NUMBER_OBJECT_CONVERSION = YES_AGGRESSIVE;
				CLANG_CXX_LANGUAGE_STANDARD = "gnu++14";
				CLANG_CXX_LIBRARY = "libc++";
				CLANG_ENABLE_MODULES = YES;
				CLANG_ENABLE_OBJC_ARC = YES;
				CLANG_ENABLE_OBJC_WEAK = YES;
				CLANG_WARN_BLOCK_CAPTURE_AUTORELEASING = YES;
				CLANG_WARN_BOOL_CONVERSION = YES;
				CLANG_WARN_COMMA = YES;
				CLANG_WARN_CONSTANT_CONVERSION = YES;
				CLANG_WARN_DEPRECATED_OBJC_IMPLEMENTATIONS = YES;
				CLANG_WARN_DIRECT_OBJC_ISA_USAGE = YES_ERROR;
				CLANG_WARN_DOCUMENTATION_COMMENTS = YES;
				CLANG_WARN_EMPTY_BODY = YES;
				CLANG_WARN_ENUM_CONVERSION = YES;
				CLANG_WARN_INFINITE_RECURSION = YES;
				CLANG_WARN_INT_CONVERSION = YES;
				CLANG_WARN_NON_LITERAL_NULL_CONVERSION = YES;
				CLANG_WARN_OBJC_IMPLICIT_RETAIN_SELF = YES;
				CLANG_WARN_OBJC_LITERAL_CONVERSION = YES;
				CLANG_WARN_OBJC_ROOT_CLASS = YES_ERROR;
				CLANG_WARN_RANGE_LOOP_ANALYSIS = YES;
				CLANG_WARN_STRICT_PROTOTYPES = YES;
				CLANG_WARN_SUSPICIOUS_MOVE = YES;
				CLANG_WARN_UNGUARDED_AVAILABILITY = YES_AGGRESSIVE;
				CLANG_WARN_UNREACHABLE_CODE = YES;
				CLANG_WARN__DUPLICATE_METHOD_MATCH = YES;
				CODE_SIGN_IDENTITY = "iPhone Developer";
				COPY_PHASE_STRIP = NO;
				DEBUG_INFORMATION_FORMAT = "dwarf-with-dsym";
				ENABLE_NS_ASSERTIONS = NO;
				ENABLE_STRICT_OBJC_MSGSEND = YES;
				GCC_C_LANGUAGE_STANDARD = gnu11;
				GCC_NO_COMMON_BLOCKS = YES;
				GCC_WARN_64_TO_32_BIT_CONVERSION = YES;
				GCC_WARN_ABOUT_RETURN_TYPE = YES_ERROR;
				GCC_WARN_UNDECLARED_SELECTOR = YES;
				GCC_WARN_UNINITIALIZED_AUTOS = YES_AGGRESSIVE;
				GCC_WARN_UNUSED_FUNCTION = YES;
				GCC_WARN_UNUSED_VARIABLE = YES;
				IPHONEOS_DEPLOYMENT_TARGET = 11.4;
				MTL_ENABLE_DEBUG_INFO = NO;
				SDKROOT = iphoneos;
				SWIFT_COMPILATION_MODE = wholemodule;
				SWIFT_OPTIMIZATION_LEVEL = "-O";
				VALIDATE_PRODUCT = YES;
			};
			name = Release;
		};
		9DCC5EDE20DFA61800BB9743 /* Debug */ = {
			isa = XCBuildConfiguration;
			buildSettings = {
				ASSETCATALOG_COMPILER_APPICON_NAME = AppIcon;
				CODE_SIGN_STYLE = Automatic;
				DEVELOPMENT_TEAM = QVKJ726CXL;
				INFOPLIST_FILE = PgwMerchantDemo/Info.plist;
				IPHONEOS_DEPLOYMENT_TARGET = 11.2;
				LD_RUNPATH_SEARCH_PATHS = (
					"$(inherited)",
					"@executable_path/Frameworks",
				);
				PRODUCT_BUNDLE_IDENTIFIER = com.bkash.rnd.PgwMerchantDemo;
				PRODUCT_NAME = "$(TARGET_NAME)";
				SWIFT_VERSION = 4.0;
				TARGETED_DEVICE_FAMILY = "1,2";
			};
			name = Debug;
		};
		9DCC5EDF20DFA61800BB9743 /* Release */ = {
			isa = XCBuildConfiguration;
			buildSettings = {
				ASSETCATALOG_COMPILER_APPICON_NAME = AppIcon;
				CODE_SIGN_STYLE = Automatic;
				DEVELOPMENT_TEAM = QVKJ726CXL;
				INFOPLIST_FILE = PgwMerchantDemo/Info.plist;
				IPHONEOS_DEPLOYMENT_TARGET = 11.2;
				LD_RUNPATH_SEARCH_PATHS = (
					"$(inherited)",
					"@executable_path/Frameworks",
				);
				PRODUCT_BUNDLE_IDENTIFIER = com.bkash.rnd.PgwMerchantDemo;
				PRODUCT_NAME = "$(TARGET_NAME)";
				SWIFT_VERSION = 4.0;
				TARGETED_DEVICE_FAMILY = "1,2";
			};
			name = Release;
		};
		9DCC5EE120DFA61800BB9743 /* Debug */ = {
			isa = XCBuildConfiguration;
			buildSettings = {
				ALWAYS_EMBED_SWIFT_STANDARD_LIBRARIES = YES;
				BUNDLE_LOADER = "$(TEST_HOST)";
				CODE_SIGN_STYLE = Automatic;
				INFOPLIST_FILE = PgwMerchantDemoTests/Info.plist;
				LD_RUNPATH_SEARCH_PATHS = (
					"$(inherited)",
					"@executable_path/Frameworks",
					"@loader_path/Frameworks",
				);
				PRODUCT_BUNDLE_IDENTIFIER = com.bkash.rnd.PgwMerchantDemoTests;
				PRODUCT_NAME = "$(TARGET_NAME)";
				SWIFT_VERSION = 4.0;
				TARGETED_DEVICE_FAMILY = "1,2";
				TEST_HOST = "$(BUILT_PRODUCTS_DIR)/PgwMerchantDemo.app/PgwMerchantDemo";
			};
			name = Debug;
		};
		9DCC5EE220DFA61800BB9743 /* Release */ = {
			isa = XCBuildConfiguration;
			buildSettings = {
				ALWAYS_EMBED_SWIFT_STANDARD_LIBRARIES = YES;
				BUNDLE_LOADER = "$(TEST_HOST)";
				CODE_SIGN_STYLE = Automatic;
				INFOPLIST_FILE = PgwMerchantDemoTests/Info.plist;
				LD_RUNPATH_SEARCH_PATHS = (
					"$(inherited)",
					"@executable_path/Frameworks",
					"@loader_path/Frameworks",
				);
				PRODUCT_BUNDLE_IDENTIFIER = com.bkash.rnd.PgwMerchantDemoTests;
				PRODUCT_NAME = "$(TARGET_NAME)";
				SWIFT_VERSION = 4.0;
				TARGETED_DEVICE_FAMILY = "1,2";
				TEST_HOST = "$(BUILT_PRODUCTS_DIR)/PgwMerchantDemo.app/PgwMerchantDemo";
			};
			name = Release;
		};
/* End XCBuildConfiguration section */

/* Begin XCConfigurationList section */
		9DCC5EBB20DFA61700BB9743 /* Build configuration list for PBXProject "PgwMerchantDemo" */ = {
			isa = XCConfigurationList;
			buildConfigurations = (
				9DCC5EDB20DFA61800BB9743 /* Debug */,
				9DCC5EDC20DFA61800BB9743 /* Release */,
			);
			defaultConfigurationIsVisible = 0;
			defaultConfigurationName = Release;
		};
		9DCC5EDD20DFA61800BB9743 /* Build configuration list for PBXNativeTarget "PgwMerchantDemo" */ = {
			isa = XCConfigurationList;
			buildConfigurations = (
				9DCC5EDE20DFA61800BB9743 /* Debug */,
				9DCC5EDF20DFA61800BB9743 /* Release */,
			);
			defaultConfigurationIsVisible = 0;
			defaultConfigurationName = Release;
		};
		9DCC5EE020DFA61800BB9743 /* Build configuration list for PBXNativeTarget "PgwMerchantDemoTests" */ = {
			isa = XCConfigurationList;
			buildConfigurations = (
				9DCC5EE120DFA61800BB9743 /* Debug */,
				9DCC5EE220DFA61800BB9743 /* Release */,
			);
			defaultConfigurationIsVisible = 0;
			defaultConfigurationName = Release;
		};
/* End XCConfigurationList section */
	};
	rootObject = 9DCC5EB820DFA61700BB9743 /* Project object */;
}
